# THIS IS AN AUTOGENERATED FILE. DO NOT EDIT THIS FILE DIRECTLY.
# yarn lockfile v1


eslint-plugin-prettier@^3.0.1:
  version "3.0.1"
  resolved "https://registry.yarnpkg.com/eslint-plugin-prettier/-/eslint-plugin-prettier-3.0.1.tgz#19d521e3981f69dd6d14f64aec8c6a6ac6eb0b0d"
  integrity sha512-/PMttrarPAY78PLvV3xfWibMOdMDl57hmlQ2XqFeA37wd+CJ7WSxV7txqjVPHi/AAFKd2lX0ZqfsOc/i5yFCSQ==
  dependencies:
    prettier-linter-helpers "^1.0.0"

fast-diff@^1.1.2:
  version "1.2.0"
  resolved "https://registry.yarnpkg.com/fast-diff/-/fast-diff-1.2.0.tgz#73ee11982d86caaf7959828d519cfe927fac5f03"
  integrity sha512-xJuoT5+L99XlZ8twedaRf6Ax2TgQVxvgZOYoPKqZufmJib0tL2tegPBOZb1pVNgIhlqDlA0eO0c3wBvQcmzx4w==

prettier-linter-helpers@^1.0.0:
  version "1.0.0"
  resolved "https://registry.yarnpkg.com/prettier-linter-helpers/-/prettier-linter-helpers-1.0.0.tgz#d23d41fe1375646de2d0104d3454a3008802cf7b"
  integrity sha512-GbK2cP9nraSSUF9N2XwUwqfzlAFlMNYYl+ShE/V+H8a9uNl/oUqB1w2EL54Jh0OlyRSd8RfWYJ3coVS4TROP2w==
  dependencies:
    fast-diff "^1.1.2"

prettier@^1.16.1:
  version "1.16.1"
  resolved "https://registry.yarnpkg.com/prettier/-/prettier-1.16.1.tgz#534c2c9d7853f8845e5e078384e71973bd74089f"
  integrity sha512-XXUITwIkGb3CPJ2hforHah/zTINRyie5006Jd2HKy2qz7snEJXl0KLfsJZW/wst9g6R2rFvqba3VpNYdu1hDcA==
